dependencies:
- name: kafka
  repository: https://charts.bitnami.com/bitnami
  version: 26.4.0
- name: postgresql
  repository: https://charts.bitnami.com/bitnami
  version: 13.1.5
digest: sha256:aa466d4452e3cecb5113897a93a2aef07175cc7e88fe1f781fe9b4c91be6b935
generated: "2023-11-14T15:00:22.521685-05:00"
